
Microsoft Visual Studio Solution File, Format Version 12.00
# Visual Studio Version 16
VisualStudioVersion = 16.0.29911.84
MinimumVisualStudioVersion = 10.0.40219.1
Project("{888888A0-9F3D-457C-B088-3A5042F75D52}") = "TeamLegion", "TeamLegion\TeamLegion.pyproj", "{3D31CE0F-5B0D-4B28-AE96-CBAD65B7BEC1}"
EndProject
Global
	GlobalSection(SolutionConfigurationPlatforms) = preSolution
		Debug|Any CPU = Debug|Any CPU
		Release|Any CPU = Release|Any CPU
	EndGlobalSection
	GlobalSection(ProjectConfigurationPlatforms) = postSolution
		{3D31CE0F-5B0D-4B28-AE96-CBAD65B7BEC1}.Debug|Any CPU.ActiveCfg = Debug|Any CPU
		{3D31CE0F-5B0D-4B28-AE96-CBAD65B7BEC1}.Debug|Any CPU.Build.0 = Debug|Any CPU
		{3D31CE0F-5B0D-4B28-AE96-CBAD65B7BEC1}.Release|Any CPU.ActiveCfg = Release|Any CPU
		{3D31CE0F-5B0D-4B28-AE96-CBAD65B7BEC1}.Release|Any CPU.Build.0 = Release|Any CPU
	EndGlobalSection
	GlobalSection(SolutionProperties) = preSolution
		HideSolutionNode = FALSE
	EndGlobalSection
	GlobalSection(ExtensibilityGlobals) = postSolution
		SolutionGuid = {0E6A3963-93E4-47EB-B91B-B0AF34A66A67}
	EndGlobalSection
EndGlobal
